
Microsoft Visual Studio Solution File, Format Version 12.00
# Visual Studio Version 17
VisualStudioVersion = 17.6.33712.159
MinimumVisualStudioVersion = 10.0.40219.1
Project("{8BC9CEB8-8B4A-11D0-8D11-00A0C91BC942}") = "ReverseNodesInKGroup", "ReverseNodesInKGroup.vcxproj", "{45DB90A6-8478-45D6-ACE9-0AEA99CC3822}"
EndProject
Global
	GlobalSection(SolutionConfigurationPlatforms) = preSolution
		Debug|x64 = Debug|x64
		Debug|x86 = Debug|x86
		Release|x64 = Release|x64
		Release|x86 = Release|x86
	EndGlobalSection
	GlobalSection(ProjectConfigurationPlatforms) = postSolution
		{45DB90A6-8478-45D6-ACE9-0AEA99CC3822}.Debug|x64.ActiveCfg = Debug|x64
		{45DB90A6-8478-45D6-ACE9-0AEA99CC3822}.Debug|x64.Build.0 = Debug|x64
		{45DB90A6-8478-45D6-ACE9-0AEA99CC3822}.Debug|x86.ActiveCfg = Debug|Win32
		{45DB90A6-8478-45D6-ACE9-0AEA99CC3822}.Debug|x86.Build.0 = Debug|Win32
		{45DB90A6-8478-45D6-ACE9-0AEA99CC3822}.Release|x64.ActiveCfg = Release|x64
		{45DB90A6-8478-45D6-ACE9-0AEA99CC3822}.Release|x64.Build.0 = Release|x64
		{45DB90A6-8478-45D6-ACE9-0AEA99CC3822}.Release|x86.ActiveCfg = Release|Win32
		{45DB90A6-8478-45D6-ACE9-0AEA99CC3822}.Release|x86.Build.0 = Release|Win32
	EndGlobalSection
	GlobalSection(SolutionProperties) = preSolution
		HideSolutionNode = FALSE
	EndGlobalSection
	GlobalSection(ExtensibilityGlobals) = postSolution
		SolutionGuid = {94307C37-AE32-413F-B883-01A18F0093E5}
	EndGlobalSection
EndGlobal
