
Microsoft Visual Studio Solution File, Format Version 12.00
# Visual Studio Version 17
VisualStudioVersion = 17.6.33712.159
MinimumVisualStudioVersion = 10.0.40219.1
Project("{8BC9CEB8-8B4A-11D0-8D11-00A0C91BC942}") = "TwoSum", "TwoSum.vcxproj", "{B34AA487-A244-4B87-A573-81709C2D5931}"
EndProject
Global
	GlobalSection(SolutionConfigurationPlatforms) = preSolution
		Debug|x64 = Debug|x64
		Debug|x86 = Debug|x86
		Release|x64 = Release|x64
		Release|x86 = Release|x86
	EndGlobalSection
	GlobalSection(ProjectConfigurationPlatforms) = postSolution
		{B34AA487-A244-4B87-A573-81709C2D5931}.Debug|x64.ActiveCfg = Debug|x64
		{B34AA487-A244-4B87-A573-81709C2D5931}.Debug|x64.Build.0 = Debug|x64
		{B34AA487-A244-4B87-A573-81709C2D5931}.Debug|x86.ActiveCfg = Debug|Win32
		{B34AA487-A244-4B87-A573-81709C2D5931}.Debug|x86.Build.0 = Debug|Win32
		{B34AA487-A244-4B87-A573-81709C2D5931}.Release|x64.ActiveCfg = Release|x64
		{B34AA487-A244-4B87-A573-81709C2D5931}.Release|x64.Build.0 = Release|x64
		{B34AA487-A244-4B87-A573-81709C2D5931}.Release|x86.ActiveCfg = Release|Win32
		{B34AA487-A244-4B87-A573-81709C2D5931}.Release|x86.Build.0 = Release|Win32
	EndGlobalSection
	GlobalSection(SolutionProperties) = preSolution
		HideSolutionNode = FALSE
	EndGlobalSection
	GlobalSection(ExtensibilityGlobals) = postSolution
		SolutionGuid = {F9BDCD15-43C3-4884-B2D5-BDB4666BDBCF}
	EndGlobalSection
EndGlobal
